# This file is automatically @generated by Cargo.
# It is not intended for manual editing.
version = 4

[[package]]
name = "gone_app"
version = "0.1.0"

[[package]]
name = "gone_harness"
version = "0.1.0"

[[package]]
name = "gone_sim"
version = "0.1.0"

[[package]]
name = "xtask"
version = "0.1.0"
